// !$*UTF8*$!
{
	archiveVersion = 1;
	classes = {
	};
	objectVersion = 50;
	objects = {

/* Begin PBXBuildFile section */
		268F9CD42658B97300248588 /* AppDelegate.swift in Sources */ = {isa = PBXBuildFile; fileRef = 268F9CD32658B97300248588 /* AppDelegate.swift */; };
		268F9CD62658B97300248588 /* SceneDelegate.swift in Sources */ = {isa = PBXBuildFile; fileRef = 268F9CD52658B97300248588 /* SceneDelegate.swift */; };
		268F9CD82658B97300248588 /* ViewController.swift in Sources */ = {isa = PBXBuildFile; fileRef = 268F9CD72658B97300248588 /* ViewController.swift */; };
		268F9CDB2658B97300248588 /* Main.storyboard in Resources */ = {isa = PBXBuildFile; fileRef = 268F9CD92658B97300248588 /* Main.storyboard */; };
		268F9CDD2658B97300248588 /* Assets.xcassets in Resources */ = {isa = PBXBuildFile; fileRef = 268F9CDC2658B97300248588 /* Assets.xcassets */; };
		268F9CE02658B97300248588 /* LaunchScreen.storyboard in Resources */ = {isa = PBXBuildFile; fileRef = 268F9CDE2658B97300248588 /* LaunchScreen.storyboard */; };
		268F9CE82658C1FB00248588 /* MealController.swift in Sources */ = {isa = PBXBuildFile; fileRef = 268F9CE72658C1FB00248588 /* MealController.swift */; };
		268F9CEA2658C21900248588 /* DetailController.swift in Sources */ = {isa = PBXBuildFile; fileRef = 268F9CE92658C21900248588 /* DetailController.swift */; };
/* End PBXBuildFile section */

/* Begin PBXFileReference section */
		268F9CD02658B97300248588 /* Homework12.app */ = {isa = PBXFileReference; explicitFileType = wrapper.application; includeInIndex = 0; path = Homework12.app; sourceTree = BUILT_PRODUCTS_DIR; };
		268F9CD32658B97300248588 /* AppDelegate.swift */ = {isa = PBXFileReference; lastKnownFileType = sourcecode.swift; path = AppDelegate.swift; sourceTree = "<group>"; };
		268F9CD52658B97300248588 /* SceneDelegate.swift */ = {isa = PBXFileReference; lastKnownFileType = sourcecode.swift; path = SceneDelegate.swift; sourceTree = "<group>"; };
		268F9CD72658B97300248588 /* ViewController.swift */ = {isa = PBXFileReference; lastKnownFileType = sourcecode.swift; path = ViewController.swift; sourceTree = "<group>"; };
		268F9CDA2658B97300248588 /* Base */ = {isa = PBXFileReference; lastKnownFileType = file.storyboard; name = Base; path = Base.lproj/Main.storyboard; sourceTree = "<group>"; };
		268F9CDC2658B97300248588 /* Assets.xcassets */ = {isa = PBXFileReference; lastKnownFileType = folder.assetcatalog; path = Assets.xcassets; sourceTree = "<group>"; };
		268F9CDF2658B97300248588 /* Base */ = {isa = PBXFileReference; lastKnownFileType = file.storyboard; name = Base; path = Base.lproj/LaunchScreen.storyboard; sourceTree = "<group>"; };
		268F9CE12658B97300248588 /* Info.plist */ = {isa = PBXFileReference; lastKnownFileType = text.plist.xml; path = Info.plist; sourceTree = "<group>"; };
		268F9CE72658C1FB00248588 /* MealController.swift */ = {isa = PBXFileReference; lastKnownFileType = sourcecode.swift; path = MealController.swift; sourceTree = "<group>"; };
		268F9CE92658C21900248588 /* DetailController.swift */ = {isa = PBXFileReference; lastKnownFileType = sourcecode.swift; path = DetailController.swift; sourceTree = "<group>"; };
/* End PBXFileReference section */

/* Begin PBXFrameworksBuildPhase section */
		268F9CCD2658B97300248588 /* Frameworks */ = {
			isa = PBXFrameworksBuildPhase;
			buildActionMask = 2147483647;
			files = (
			);
			runOnlyForDeploymentPostprocessing = 0;
		};
/* End PBXFrameworksBuildPhase section */

/* Begin PBXGroup section */
		268F9CC72658B97300248588 = {
			isa = PBXGroup;
			children = (
				268F9CD22658B97300248588 /* Homework12 */,
				268F9CD12658B97300248588 /* Products */,
			);
			sourceTree = "<group>";
		};
		268F9CD12658B97300248588 /* Products */ = {
			isa = PBXGroup;
			children = (
				268F9CD02658B97300248588 /* Homework12.app */,
			);
			name = Products;
			sourceTree = "<group>";
		};
		268F9CD22658B97300248588 /* Homework12 */ = {
			isa = PBXGroup;
			children = (
				268F9CD32658B97300248588 /* AppDelegate.swift */,
				268F9CD52658B97300248588 /* SceneDelegate.swift */,
				268F9CD72658B97300248588 /* ViewController.swift */,
				268F9CD92658B97300248588 /* Main.storyboard */,
				268F9CE92658C21900248588 /* DetailController.swift */,
				268F9CE72658C1FB00248588 /* MealController.swift */,
				268F9CDC2658B97300248588 /* Assets.xcassets */,
				268F9CDE2658B97300248588 /* LaunchScreen.storyboard */,
				268F9CE12658B97300248588 /* Info.plist */,
			);
			path = Homework12;
			sourceTree = "<group>";
		};
/* End PBXGroup section */

/* Begin PBXNativeTarget section */
		268F9CCF2658B97300248588 /* Homework12 */ = {
			isa = PBXNativeTarget;
			buildConfigurationList = 268F9CE42658B97300248588 /* Build configuration list for PBXNativeTarget "Homework12" */;
			buildPhases = (
				268F9CCC2658B97300248588 /* Sources */,
				268F9CCD2658B97300248588 /* Frameworks */,
				268F9CCE2658B97300248588 /* Resources */,
			);
			buildRules = (
			);
			dependencies = (
			);
			name = Homework12;
			productName = Homework12;
			productReference = 268F9CD02658B97300248588 /* Homework12.app */;
			productType = "com.apple.product-type.application";
		};
/* End PBXNativeTarget section */

/* Begin PBXProject section */
		268F9CC82658B97300248588 /* Project object */ = {
			isa = PBXProject;
			attributes = {
				LastSwiftUpdateCheck = 1250;
				LastUpgradeCheck = 1250;
				TargetAttributes = {
					268F9CCF2658B97300248588 = {
						CreatedOnToolsVersion = 12.5;
					};
				};
			};
			buildConfigurationList = 268F9CCB2658B97300248588 /* Build configuration list for PBXProject "Homework12" */;
			compatibilityVersion = "Xcode 9.3";
			developmentRegion = en;
			hasScannedForEncodings = 0;
			knownRegions = (
				en,
				Base,
			);
			mainGroup = 268F9CC72658B97300248588;
			productRefGroup = 268F9CD12658B97300248588 /* Products */;
			projectDirPath = "";
			projectRoot = "";
			targets = (
				268F9CCF2658B97300248588 /* Homework12 */,
			);
		};
/* End PBXProject section */

/* Begin PBXResourcesBuildPhase section */
		268F9CCE2658B97300248588 /* Resources */ = {
			isa = PBXResourcesBuildPhase;
			buildActionMask = 2147483647;
			files = (
				268F9CE02658B97300248588 /* LaunchScreen.storyboard in Resources */,
				268F9CDD2658B97300248588 /* Assets.xcassets in Resources */,
				268F9CDB2658B97300248588 /* Main.storyboard in Resources */,
			);
			runOnlyForDeploymentPostprocessing = 0;
		};
/* End PBXResourcesBuildPhase section */

/* Begin PBXSourcesBuildPhase section */
		268F9CCC2658B97300248588 /* Sources */ = {
			isa = PBXSourcesBuildPhase;
			buildActionMask = 2147483647;
			files = (
				268F9CD82658B97300248588 /* ViewController.swift in Sources */,
				268F9CD42658B97300248588 /* AppDelegate.swift in Sources */,
				268F9CE82658C1FB00248588 /* MealController.swift in Sources */,
				268F9CEA2658C21900248588 /* DetailController.swift in Sources */,
				268F9CD62658B97300248588 /* SceneDelegate.swift in Sources */,
			);
			runOnlyForDeploymentPostprocessing = 0;
		};
/* End PBXSourcesBuildPhase section */

/* Begin PBXVariantGroup section */
		268F9CD92658B97300248588 /* Main.storyboard */ = {
			isa = PBXVariantGroup;
			children = (
				268F9CDA2658B97300248588 /* Base */,
			);
			name = Main.storyboard;
			sourceTree = "<group>";
		};
		268F9CDE2658B97300248588 /* LaunchScreen.storyboard */ = {
			isa = PBXVariantGroup;
			children = (
				268F9CDF2658B97300248588 /* Base */,
			);
			name = LaunchScreen.storyboard;
			sourceTree = "<group>";
		};
/* End PBXVariantGroup section */

/* Begin XCBuildConfiguration section */
		268F9CE22658B97300248588 /* Debug */ = {
			isa = XCBuildConfiguration;
			buildSettings = {
				ALWAYS_SEARCH_USER_PATHS = NO;
				CLANG_ANALYZER_NONNULL = YES;
				CLANG_ANALYZER_NUMBER_OBJECT_CONVERSION = YES_AGGRESSIVE;
				CLANG_CXX_LANGUAGE_STANDARD = "gnu++14";
				CLANG_CXX_LIBRARY = "libc++";
				CLANG_ENABLE_MODULES = YES;
				CLANG_ENABLE_OBJC_ARC = YES;
				CLANG_ENABLE_OBJC_WEAK = YES;
				CLANG_WARN_BLOCK_CAPTURE_AUTORELEASING = YES;
				CLANG_WARN_BOOL_CONVERSION = YES;
				CLANG_WARN_COMMA = YES;
				CLANG_WARN_CONSTANT_CONVERSION = YES;
				CLANG_WARN_DEPRECATED_OBJC_IMPLEMENTATIONS = YES;
				CLANG_WARN_DIRECT_OBJC_ISA_USAGE = YES_ERROR;
				CLANG_WARN_DOCUMENTATION_COMMENTS = YES;
				CLANG_WARN_EMPTY_BODY = YES;
				CLANG_WARN_ENUM_CONVERSION = YES;
				CLANG_WARN_INFINITE_RECURSION = YES;
				CLANG_WARN_INT_CONVERSION = YES;
				CLANG_WARN_NON_LITERAL_NULL_CONVERSION = YES;
				CLANG_WARN_OBJC_IMPLICIT_RETAIN_SELF = YES;
				CLANG_WARN_OBJC_LITERAL_CONVERSION = YES;
				CLANG_WARN_OBJC_ROOT_CLASS = YES_ERROR;
				CLANG_WARN_QUOTED_INCLUDE_IN_FRAMEWORK_HEADER = YES;
				CLANG_WARN_RANGE_LOOP_ANALYSIS = YES;
				CLANG_WARN_STRICT_PROTOTYPES = YES;
				CLANG_WARN_SUSPICIOUS_MOVE = YES;
				CLANG_WARN_UNGUARDED_AVAILABILITY = YES_AGGRESSIVE;
				CLANG_WARN_UNREACHABLE_CODE = YES;
				CLANG_WARN__DUPLICATE_METHOD_MATCH = YES;
				COPY_PHASE_STRIP = NO;
				DEBUG_INFORMATION_FORMAT = dwarf;
				ENABLE_STRICT_OBJC_MSGSEND = YES;
				ENABLE_TESTABILITY = YES;
				GCC_C_LANGUAGE_STANDARD = gnu11;
				GCC_DYNAMIC_NO_PIC = NO;
				GCC_NO_COMMON_BLOCKS = YES;
				GCC_OPTIMIZATION_LEVEL = 0;
				GCC_PREPROCESSOR_DEFINITIONS = (
					"DEBUG=1",
					"$(inherited)",
				);
				GCC_WARN_64_TO_32_BIT_CONVERSION = YES;
				GCC_WARN_ABOUT_RETURN_TYPE = YES_ERROR;
				GCC_WARN_UNDECLARED_SELECTOR = YES;
				GCC_WARN_UNINITIALIZED_AUTOS = YES_AGGRESSIVE;
				GCC_WARN_UNUSED_FUNCTION = YES;
				GCC_WARN_UNUSED_VARIABLE = YES;
				IPHONEOS_DEPLOYMENT_TARGET = 14.5;
				MTL_ENABLE_DEBUG_INFO = INCLUDE_SOURCE;
				MTL_FAST_MATH = YES;
				ONLY_ACTIVE_ARCH = YES;
				SDKROOT = iphoneos;
				SWIFT_ACTIVE_COMPILATION_CONDITIONS = DEBUG;
				SWIFT_OPTIMIZATION_LEVEL = "-Onone";
			};
			name = Debug;
		};
		268F9CE32658B97300248588 /* Release */ = {
			isa = XCBuildConfiguration;
			buildSettings = {
				ALWAYS_SEARCH_USER_PATHS = NO;
				CLANG_ANALYZER_NONNULL = YES;
				CLANG_ANALYZER_NUMBER_OBJECT_CONVERSION = YES_AGGRESSIVE;
				CLANG_CXX_LANGUAGE_STANDARD = "gnu++14";
				CLANG_CXX_LIBRARY = "libc++";
				CLANG_ENABLE_MODULES = YES;
				CLANG_ENABLE_OBJC_ARC = YES;
				CLANG_ENABLE_OBJC_WEAK = YES;
				CLANG_WARN_BLOCK_CAPTURE_AUTORELEASING = YES;
				CLANG_WARN_BOOL_CONVERSION = YES;
				CLANG_WARN_COMMA = YES;
				CLANG_WARN_CONSTANT_CONVERSION = YES;
				CLANG_WARN_DEPRECATED_OBJC_IMPLEMENTATIONS = YES;
				CLANG_WARN_DIRECT_OBJC_ISA_USAGE = YES_ERROR;
				CLANG_WARN_DOCUMENTATION_COMMENTS = YES;
				CLANG_WARN_EMPTY_BODY = YES;
				CLANG_WARN_ENUM_CONVERSION = YES;
				CLANG_WARN_INFINITE_RECURSION = YES;
				CLANG_WARN_INT_CONVERSION = YES;
				CLANG_WARN_NON_LITERAL_NULL_CONVERSION = YES;
				CLANG_WARN_OBJC_IMPLICIT_RETAIN_SELF = YES;
				CLANG_WARN_OBJC_LITERAL_CONVERSION = YES;
				CLANG_WARN_OBJC_ROOT_CLASS = YES_ERROR;
				CLANG_WARN_QUOTED_INCLUDE_IN_FRAMEWORK_HEADER = YES;
				CLANG_WARN_RANGE_LOOP_ANALYSIS = YES;
				CLANG_WARN_STRICT_PROTOTYPES = YES;
				CLANG_WARN_SUSPICIOUS_MOVE = YES;
				CLANG_WARN_UNGUARDED_AVAILABILITY = YES_AGGRESSIVE;
				CLANG_WARN_UNREACHABLE_CODE = YES;
				CLANG_WARN__DUPLICATE_METHOD_MATCH = YES;
				COPY_PHASE_STRIP = NO;
				DEBUG_INFORMATION_FORMAT = "dwarf-with-dsym";
				ENABLE_NS_ASSERTIONS = NO;
				ENABLE_STRICT_OBJC_MSGSEND = YES;
				GCC_C_LANGUAGE_STANDARD = gnu11;
				GCC_NO_COMMON_BLOCKS = YES;
				GCC_WARN_64_TO_32_BIT_CONVERSION = YES;
				GCC_WARN_ABOUT_RETURN_TYPE = YES_ERROR;
				GCC_WARN_UNDECLARED_SELECTOR = YES;
				GCC_WARN_UNINITIALIZED_AUTOS = YES_AGGRESSIVE;
				GCC_WARN_UNUSED_FUNCTION = YES;
				GCC_WARN_UNUSED_VARIABLE = YES;
				IPHONEOS_DEPLOYMENT_TARGET = 14.5;
				MTL_ENABLE_DEBUG_INFO = NO;
				MTL_FAST_MATH = YES;
				SDKROOT = iphoneos;
				SWIFT_COMPILATION_MODE = wholemodule;
				SWIFT_OPTIMIZATION_LEVEL = "-O";
				VALIDATE_PRODUCT = YES;
			};
			name = Release;
		};
		268F9CE52658B97300248588 /* Debug */ = {
			isa = XCBuildConfiguration;
			buildSettings = {
				ASSETCATALOG_COMPILER_APPICON_NAME = AppIcon;
				ASSETCATALOG_COMPILER_GLOBAL_ACCENT_COLOR_NAME = AccentColor;
				CODE_SIGN_STYLE = Automatic;
				DEVELOPMENT_TEAM = NU3DYTXD24;
				INFOPLIST_FILE = Homework12/Info.plist;
				LD_RUNPATH_SEARCH_PATHS = (
					"$(inherited)",
					"@executable_path/Frameworks",
				);
				PRODUCT_BUNDLE_IDENTIFIER = roxyYujin.Homework12;
				PRODUCT_NAME = "$(TARGET_NAME)";
				SWIFT_VERSION = 5.0;
				TARGETED_DEVICE_FAMILY = 1;
			};
			name = Debug;
		};
		268F9CE62658B97300248588 /* Release */ = {
			isa = XCBuildConfiguration;
			buildSettings = {
				ASSETCATALOG_COMPILER_APPICON_NAME = AppIcon;
				ASSETCATALOG_COMPILER_GLOBAL_ACCENT_COLOR_NAME = AccentColor;
				CODE_SIGN_STYLE = Automatic;
				DEVELOPMENT_TEAM = NU3DYTXD24;
				INFOPLIST_FILE = Homework12/Info.plist;
				LD_RUNPATH_SEARCH_PATHS = (
					"$(inherited)",
					"@executable_path/Frameworks",
				);
				PRODUCT_BUNDLE_IDENTIFIER = roxyYujin.Homework12;
				PRODUCT_NAME = "$(TARGET_NAME)";
				SWIFT_VERSION = 5.0;
				TARGETED_DEVICE_FAMILY = 1;
			};
			name = Release;
		};
/* End XCBuildConfiguration section */

/* Begin XCConfigurationList section */
		268F9CCB2658B97300248588 /* Build configuration list for PBXProject "Homework12" */ = {
			isa = XCConfigurationList;
			buildConfigurations = (
				268F9CE22658B97300248588 /* Debug */,
				268F9CE32658B97300248588 /* Release */,
			);
			defaultConfigurationIsVisible = 0;
			defaultConfigurationName = Release;
		};
		268F9CE42658B97300248588 /* Build configuration list for PBXNativeTarget "Homework12" */ = {
			isa = XCConfigurationList;
			buildConfigurations = (
				268F9CE52658B97300248588 /* Debug */,
				268F9CE62658B97300248588 /* Release */,
			);
			defaultConfigurationIsVisible = 0;
			defaultConfigurationName = Release;
		};
/* End XCConfigurationList section */
	};
	rootObject = 268F9CC82658B97300248588 /* Project object */;
}
